
Microsoft Visual Studio Solution File, Format Version 12.00
# Visual Studio Version 16
VisualStudioVersion = 16.0.29926.136
MinimumVisualStudioVersion = 10.0.40219.1
Project("{9A19103F-16F7-4668-BE54-9A1E7A4F7556}") = "NeoClient", "NeoClient\NeoClient.csproj", "{05D81BC9-DA31-494A-AC8F-1622F5DCE6B5}"
EndProject
Project("{FAE04EC0-301F-11D3-BF4B-00C04F79EFBC}") = "NeoClient.Tests", "NeoClient.Tests\NeoClient.Tests.csproj", "{A01064FD-2D40-4206-8824-F71EC4A3D7C2}"
EndProject
Global
	GlobalSection(SolutionConfigurationPlatforms) = preSolution
		Debug|Any CPU = Debug|Any CPU
		Release|Any CPU = Release|Any CPU
	EndGlobalSection
	GlobalSection(ProjectConfigurationPlatforms) = postSolution
		{05D81BC9-DA31-494A-AC8F-1622F5DCE6B5}.Debug|Any CPU.ActiveCfg = Debug|Any CPU
		{05D81BC9-DA31-494A-AC8F-1622F5DCE6B5}.Debug|Any CPU.Build.0 = Debug|Any CPU
		{05D81BC9-DA31-494A-AC8F-1622F5DCE6B5}.Release|Any CPU.ActiveCfg = Release|Any CPU
		{05D81BC9-DA31-494A-AC8F-1622F5DCE6B5}.Release|Any CPU.Build.0 = Release|Any CPU
		{A01064FD-2D40-4206-8824-F71EC4A3D7C2}.Debug|Any CPU.ActiveCfg = Debug|Any CPU
		{A01064FD-2D40-4206-8824-F71EC4A3D7C2}.Debug|Any CPU.Build.0 = Debug|Any CPU
		{A01064FD-2D40-4206-8824-F71EC4A3D7C2}.Release|Any CPU.ActiveCfg = Release|Any CPU
		{A01064FD-2D40-4206-8824-F71EC4A3D7C2}.Release|Any CPU.Build.0 = Release|Any CPU
	EndGlobalSection
	GlobalSection(SolutionProperties) = preSolution
		HideSolutionNode = FALSE
	EndGlobalSection
	GlobalSection(ExtensibilityGlobals) = postSolution
		SolutionGuid = {20646619-2A8A-4BB6-96FA-C9B147AF4FB6}
	EndGlobalSection
EndGlobal
